
Microsoft Visual Studio Solution File, Format Version 11.00
# Visual C# Express 2010
Project("{FAE04EC0-301F-11D3-BF4B-00C04F79EFBC}") = "1044", "1044\1044.csproj", "{F809D883-BC0F-4A0D-8F2F-C19EBF5CFEE1}"
EndProject
Global
	GlobalSection(SolutionConfigurationPlatforms) = preSolution
		Debug|x86 = Debug|x86
		Release|x86 = Release|x86
	EndGlobalSection
	GlobalSection(ProjectConfigurationPlatforms) = postSolution
		{F809D883-BC0F-4A0D-8F2F-C19EBF5CFEE1}.Debug|x86.ActiveCfg = Debug|x86
		{F809D883-BC0F-4A0D-8F2F-C19EBF5CFEE1}.Debug|x86.Build.0 = Debug|x86
		{F809D883-BC0F-4A0D-8F2F-C19EBF5CFEE1}.Release|x86.ActiveCfg = Release|x86
		{F809D883-BC0F-4A0D-8F2F-C19EBF5CFEE1}.Release|x86.Build.0 = Release|x86
	EndGlobalSection
	GlobalSection(SolutionProperties) = preSolution
		HideSolutionNode = FALSE
	EndGlobalSection
EndGlobal
