
Microsoft Visual Studio Solution File, Format Version 11.00
# Visual C# Express 2010
Project("{FAE04EC0-301F-11D3-BF4B-00C04F79EFBC}") = "1820", "1820\1820.csproj", "{4C089190-B9A3-42CD-AD1A-F595DAB1512D}"
EndProject
Global
	GlobalSection(SolutionConfigurationPlatforms) = preSolution
		Debug|x86 = Debug|x86
		Release|x86 = Release|x86
	EndGlobalSection
	GlobalSection(ProjectConfigurationPlatforms) = postSolution
		{4C089190-B9A3-42CD-AD1A-F595DAB1512D}.Debug|x86.ActiveCfg = Debug|x86
		{4C089190-B9A3-42CD-AD1A-F595DAB1512D}.Debug|x86.Build.0 = Debug|x86
		{4C089190-B9A3-42CD-AD1A-F595DAB1512D}.Release|x86.ActiveCfg = Release|x86
		{4C089190-B9A3-42CD-AD1A-F595DAB1512D}.Release|x86.Build.0 = Release|x86
	EndGlobalSection
	GlobalSection(SolutionProperties) = preSolution
		HideSolutionNode = FALSE
	EndGlobalSection
EndGlobal
